
Microsoft Visual Studio Solution File, Format Version 12.00
# Visual Studio Version 16
VisualStudioVersion = 16.0.30907.101
MinimumVisualStudioVersion = 10.0.40219.1
Project("{9A19103F-16F7-4668-BE54-9A1E7A4F7556}") = "MovieApp.Api", "MovieApp.Api.csproj", "{BF3BC0F3-7F5B-4A95-AE2E-350A62DAD558}"
EndProject
Project("{9A19103F-16F7-4668-BE54-9A1E7A4F7556}") = "MovieApp.Tests", "..\MovieApp.Tests\MovieApp.Tests.csproj", "{00B5BD9B-6170-494E-8629-AA362D67DE60}"
EndProject
Global
	GlobalSection(SolutionConfigurationPlatforms) = preSolution
		Debug|Any CPU = Debug|Any CPU
		Release|Any CPU = Release|Any CPU
	EndGlobalSection
	GlobalSection(ProjectConfigurationPlatforms) = postSolution
		{BF3BC0F3-7F5B-4A95-AE2E-350A62DAD558}.Debug|Any CPU.ActiveCfg = Debug|Any CPU
		{BF3BC0F3-7F5B-4A95-AE2E-350A62DAD558}.Debug|Any CPU.Build.0 = Debug|Any CPU
		{BF3BC0F3-7F5B-4A95-AE2E-350A62DAD558}.Release|Any CPU.ActiveCfg = Release|Any CPU
		{BF3BC0F3-7F5B-4A95-AE2E-350A62DAD558}.Release|Any CPU.Build.0 = Release|Any CPU
		{00B5BD9B-6170-494E-8629-AA362D67DE60}.Debug|Any CPU.ActiveCfg = Debug|Any CPU
		{00B5BD9B-6170-494E-8629-AA362D67DE60}.Debug|Any CPU.Build.0 = Debug|Any CPU
		{00B5BD9B-6170-494E-8629-AA362D67DE60}.Release|Any CPU.ActiveCfg = Release|Any CPU
		{00B5BD9B-6170-494E-8629-AA362D67DE60}.Release|Any CPU.Build.0 = Release|Any CPU
	EndGlobalSection
	GlobalSection(SolutionProperties) = preSolution
		HideSolutionNode = FALSE
	EndGlobalSection
	GlobalSection(ExtensibilityGlobals) = postSolution
		SolutionGuid = {7D7673DE-7FDA-4F91-9E96-77523008A6D7}
	EndGlobalSection
EndGlobal
